
Microsoft Visual Studio Solution File, Format Version 12.00
# Visual Studio Version 17
VisualStudioVersion = 17.9.34723.18
MinimumVisualStudioVersion = 10.0.40219.1
Project("{FAE04EC0-301F-11D3-BF4B-00C04F79EFBC}") = "PracticaPermisos", "PracticaPermisos\PracticaPermisos.csproj", "{46A26D29-15C4-4121-8046-024F4AE9DFEA}"
EndProject
Global
	GlobalSection(SolutionConfigurationPlatforms) = preSolution
		Debug|Any CPU = Debug|Any CPU
		Release|Any CPU = Release|Any CPU
	EndGlobalSection
	GlobalSection(ProjectConfigurationPlatforms) = postSolution
		{46A26D29-15C4-4121-8046-024F4AE9DFEA}.Debug|Any CPU.ActiveCfg = Debug|Any CPU
		{46A26D29-15C4-4121-8046-024F4AE9DFEA}.Debug|Any CPU.Build.0 = Debug|Any CPU
		{46A26D29-15C4-4121-8046-024F4AE9DFEA}.Release|Any CPU.ActiveCfg = Release|Any CPU
		{46A26D29-15C4-4121-8046-024F4AE9DFEA}.Release|Any CPU.Build.0 = Release|Any CPU
	EndGlobalSection
	GlobalSection(SolutionProperties) = preSolution
		HideSolutionNode = FALSE
	EndGlobalSection
	GlobalSection(ExtensibilityGlobals) = postSolution
		SolutionGuid = {90E4A385-0EBD-4C3B-9F0F-FFCA58C0FE7A}
	EndGlobalSection
EndGlobal
